{
  "version": "3",
  "packages": {
    "specifiers": {
      "npm:zenn-cli@latest": "npm:zenn-cli@0.1.153"
    },
    "npm": {
      "zenn-cli@0.1.153": {
        "integrity": "sha512-MLIdtRW2arQBuVCKlWrMF4eFZGkvmswrcc0OvgxmQs9w9/9rODfoyFK9nQQwrgyUwlxDzhUa/oAO6nks4GY5DA==",
        "dependencies": {}
      }
    }
  },
  "remote": {}
}
