# THIS IS AN AUTOGENERATED FILE. DO NOT EDIT THIS FILE DIRECTLY.
# yarn lockfile v1
# bun ./bun.lockb --hash: 3E5A1E73C76DC2C9-d4a21e5de8c7a154-F1DF8A10BD9AEF22-921986e55019189b


zenn-cli@^0.1.144:
  version "0.1.146"
  resolved "https://registry.npmjs.org/zenn-cli/-/zenn-cli-0.1.146.tgz"
  integrity sha512-IjxTGvaatNpaTl/3spegOqSIOZOZG+QAllbQjlsgS3yxKRWZZ4dl2XRpTpaI5Qg9E4NCuX5EZ9+SM+9cxdzSgQ==
